{
	"name": "hellofn",
	"version": "1.0.0",
	"lockfileVersion": 1,
	"requires": true,
	"dependencies": {
		"@fnproject/fdk": {
			"version": "0.0.20",
			"resolved": "https://registry.npmjs.org/@fnproject/fdk/-/fdk-0.0.20.tgz",
			"integrity": "sha512-Z2f4W3/6VTc5hyo90zOhaGMREjxIi/SQE2ZijTnUkdzGTxuat8yc5lV1euISdvFsDhNSShFoM60iF/+lKWGYxA=="
		},
		"@types/isomorphic-fetch": {
			"version": "0.0.35",
			"resolved": "https://registry.npmjs.org/@types/isomorphic-fetch/-/isomorphic-fetch-0.0.35.tgz",
			"integrity": "sha512-DaZNUvLDCAnCTjgwxgiL1eQdxIKEpNLOlTNtAgnZc50bG2copGhRrFN9/PxPBuJe+tZVLCbQ7ls0xveXVRPkvw=="
		},
		"@types/jsonwebtoken": {
			"version": "8.5.1",
			"resolved": "https://registry.npmjs.org/@types/jsonwebtoken/-/jsonwebtoken-8.5.1.tgz",
			"integrity": "sha512-rNAPdomlIUX0i0cg2+I+Q1wOUr531zHBQ+cV/28PJ39bSPKjahatZZ2LMuhiguETkCgLVzfruw/ZvNMNkKoSzw==",
			"requires": {
				"@types/node": "*"
			}
		},
		"@types/jssha": {
			"version": "2.0.0",
			"resolved": "https://registry.npmjs.org/@types/jssha/-/jssha-2.0.0.tgz",
			"integrity": "sha512-oBnY3csYnXfqZXDRBJwP1nDDJCW/+VMJ88UHT4DCy0deSXpJIQvMCwYlnmdW4M+u7PiSfQc44LmiFcUbJ8hLEw=="
		},
		"@types/node": {
			"version": "15.0.1",
			"resolved": "https://registry.npmjs.org/@types/node/-/node-15.0.1.tgz",
			"integrity": "sha512-TMkXt0Ck1y0KKsGr9gJtWGjttxlZnnvDtphxUOSd0bfaR6Q1jle+sPvrzNR1urqYTWMinoKvjKfXUGsumaO1PA=="
		},
		"@types/opossum": {
			"version": "4.1.1",
			"resolved": "https://registry.npmjs.org/@types/opossum/-/opossum-4.1.1.tgz",
			"integrity": "sha512-9TMnd8AWRVtnZMqBbbzceQoJdafErgUViogFaQ3eetsbeLtiFFZ695mepNaLtlfJi4uRP3GmHfe3CJ2DZKaxYA==",
			"requires": {
				"@types/node": "*"
			}
		},
		"@types/sshpk": {
			"version": "1.10.5",
			"resolved": "https://registry.npmjs.org/@types/sshpk/-/sshpk-1.10.5.tgz",
			"integrity": "sha512-5EKeKE0YmM2F5xjhk5k6mgL9tx5XpHPqKVaN5c1zCBGSFv4VPRqp1fhGKjo1lkyb7kmvchjgWB8TPAT14+JiRg==",
			"requires": {
				"@types/node": "*"
			}
		},
		"asn1": {
			"version": "0.2.4",
			"resolved": "https://registry.npmjs.org/asn1/-/asn1-0.2.4.tgz",
			"integrity": "sha512-jxwzQpLQjSmWXgwaCZE9Nz+glAG01yF1QnWgbhGwHI5A6FRIEY6IVqtHhIepHqI7/kyEyQEagBC5mBEFlIYvdg==",
			"requires": {
				"safer-buffer": "~2.1.0"
			}
		},
		"assert-plus": {
			"version": "1.0.0",
			"resolved": "https://registry.npmjs.org/assert-plus/-/assert-plus-1.0.0.tgz",
			"integrity": "sha1-8S4PPF13sLHN2RRpQuTpbB5N1SU="
		},
		"await-semaphore": {
			"version": "0.1.3",
			"resolved": "https://registry.npmjs.org/await-semaphore/-/await-semaphore-0.1.3.tgz",
			"integrity": "sha512-d1W2aNSYcz/sxYO4pMGX9vq65qOTu0P800epMud+6cYYX0QcT7zyqcxec3VWzpgvdXo57UWmVbZpLMjX2m1I7Q=="
		},
		"bcrypt-pbkdf": {
			"version": "1.0.2",
			"resolved": "https://registry.npmjs.org/bcrypt-pbkdf/-/bcrypt-pbkdf-1.0.2.tgz",
			"integrity": "sha1-pDAdOJtqQ/m2f/PKEaP2Y342Dp4=",
			"requires": {
				"tweetnacl": "^0.14.3"
			}
		},
		"buffer-equal-constant-time": {
			"version": "1.0.1",
			"resolved": "https://registry.npmjs.org/buffer-equal-constant-time/-/buffer-equal-constant-time-1.0.1.tgz",
			"integrity": "sha1-+OcRMvf/5uAaXJaXpMbz5I1cyBk="
		},
		"core-util-is": {
			"version": "1.0.2",
			"resolved": "https://registry.npmjs.org/core-util-is/-/core-util-is-1.0.2.tgz",
			"integrity": "sha1-tf1UIgqivFq1eqtxQMlAdUUDwac="
		},
		"dashdash": {
			"version": "1.14.1",
			"resolved": "https://registry.npmjs.org/dashdash/-/dashdash-1.14.1.tgz",
			"integrity": "sha1-hTz6D3y+L+1d4gMmuN1YEDX24vA=",
			"requires": {
				"assert-plus": "^1.0.0"
			}
		},
		"ecc-jsbn": {
			"version": "0.1.2",
			"resolved": "https://registry.npmjs.org/ecc-jsbn/-/ecc-jsbn-0.1.2.tgz",
			"integrity": "sha1-OoOpBOVDUyh4dMVkt1SThoSamMk=",
			"requires": {
				"jsbn": "~0.1.0",
				"safer-buffer": "^2.1.0"
			}
		},
		"ecdsa-sig-formatter": {
			"version": "1.0.11",
			"resolved": "https://registry.npmjs.org/ecdsa-sig-formatter/-/ecdsa-sig-formatter-1.0.11.tgz",
			"integrity": "sha512-nagl3RYrbNv6kQkeJIpt6NJZy8twLB/2vtz6yN9Z4vRKHN4/QZJIEbqohALSgwKdnksuY3k5Addp5lg8sVoVcQ==",
			"requires": {
				"safe-buffer": "^5.0.1"
			}
		},
		"es6-promise": {
			"version": "4.2.6",
			"resolved": "https://registry.npmjs.org/es6-promise/-/es6-promise-4.2.6.tgz",
			"integrity": "sha512-aRVgGdnmW2OiySVPUC9e6m+plolMAJKjZnQlCwNSuK5yQ0JN61DZSO1X1Ufd1foqWRAlig0rhduTCHe7sVtK5Q=="
		},
		"extsprintf": {
			"version": "1.3.0",
			"resolved": "https://registry.npmjs.org/extsprintf/-/extsprintf-1.3.0.tgz",
			"integrity": "sha1-lpGEQOMEGnpBT4xS48V06zw+HgU="
		},
		"fs": {
			"version": "0.0.1-security",
			"resolved": "https://registry.npmjs.org/fs/-/fs-0.0.1-security.tgz",
			"integrity": "sha1-invTcYa23d84E/I4WLV+yq9eQdQ="
		},
		"getpass": {
			"version": "0.1.7",
			"resolved": "https://registry.npmjs.org/getpass/-/getpass-0.1.7.tgz",
			"integrity": "sha1-Xv+OPmhNVprkyysSgmBOi6YhSfo=",
			"requires": {
				"assert-plus": "^1.0.0"
			}
		},
		"http-signature": {
			"version": "1.3.1",
			"resolved": "https://registry.npmjs.org/http-signature/-/http-signature-1.3.1.tgz",
			"integrity": "sha512-Y29YKEc8MQsjch/VzkUVJ+2MXd9WcR42fK5u36CZf4G8bXw2DXMTWuESiB0R6m59JAWxlPPw5/Fri/t/AyyueA==",
			"requires": {
				"assert-plus": "^1.0.0",
				"jsprim": "^1.2.2",
				"sshpk": "^1.14.1"
			}
		},
		"isomorphic-fetch": {
			"version": "3.0.0",
			"resolved": "https://registry.npmjs.org/isomorphic-fetch/-/isomorphic-fetch-3.0.0.tgz",
			"integrity": "sha512-qvUtwJ3j6qwsF3jLxkZ72qCgjMysPzDfeV240JHiGZsANBYd+EEuu35v7dfrJ9Up0Ak07D7GGSkGhCHTqg/5wA==",
			"requires": {
				"node-fetch": "^2.6.1",
				"whatwg-fetch": "^3.4.1"
			}
		},
		"jsbn": {
			"version": "0.1.1",
			"resolved": "https://registry.npmjs.org/jsbn/-/jsbn-0.1.1.tgz",
			"integrity": "sha1-peZUwuWi3rXyAdls77yoDA7y9RM="
		},
		"json-schema": {
			"version": "0.2.3",
			"resolved": "https://registry.npmjs.org/json-schema/-/json-schema-0.2.3.tgz",
			"integrity": "sha1-tIDIkuWaLwWVTOcnvT8qTogvnhM="
		},
		"jsonwebtoken": {
			"version": "8.5.1",
			"resolved": "https://registry.npmjs.org/jsonwebtoken/-/jsonwebtoken-8.5.1.tgz",
			"integrity": "sha512-XjwVfRS6jTMsqYs0EsuJ4LGxXV14zQybNd4L2r0UvbVnSF9Af8x7p5MzbJ90Ioz/9TI41/hTCvznF/loiSzn8w==",
			"requires": {
				"jws": "^3.2.2",
				"lodash.includes": "^4.3.0",
				"lodash.isboolean": "^3.0.3",
				"lodash.isinteger": "^4.0.4",
				"lodash.isnumber": "^3.0.3",
				"lodash.isplainobject": "^4.0.6",
				"lodash.isstring": "^4.0.1",
				"lodash.once": "^4.0.0",
				"ms": "^2.1.1",
				"semver": "^5.6.0"
			}
		},
		"jsprim": {
			"version": "1.4.1",
			"resolved": "https://registry.npmjs.org/jsprim/-/jsprim-1.4.1.tgz",
			"integrity": "sha1-MT5mvB5cwG5Di8G3SZwuXFastqI=",
			"requires": {
				"assert-plus": "1.0.0",
				"extsprintf": "1.3.0",
				"json-schema": "0.2.3",
				"verror": "1.10.0"
			}
		},
		"jssha": {
			"version": "2.4.1",
			"resolved": "https://registry.npmjs.org/jssha/-/jssha-2.4.1.tgz",
			"integrity": "sha512-77DN1YurYgh+7FPCTJ2CQ6hVDHgIWiHxm4Y5/mAdnpETKYagX22pVWMz4xfKF5fcpNfMaztgVj+/B1bt2k23Eg=="
		},
		"jwa": {
			"version": "1.4.1",
			"resolved": "https://registry.npmjs.org/jwa/-/jwa-1.4.1.tgz",
			"integrity": "sha512-qiLX/xhEEFKUAJ6FiBMbes3w9ATzyk5W7Hvzpa/SLYdxNtng+gcurvrI7TbACjIXlsJyr05/S1oUhZrc63evQA==",
			"requires": {
				"buffer-equal-constant-time": "1.0.1",
				"ecdsa-sig-formatter": "1.0.11",
				"safe-buffer": "^5.0.1"
			}
		},
		"jws": {
			"version": "3.2.2",
			"resolved": "https://registry.npmjs.org/jws/-/jws-3.2.2.tgz",
			"integrity": "sha512-YHlZCB6lMTllWDtSPHz/ZXTsi8S00usEV6v1tjq8tOUZzw7DpSDWVXjXDre6ed1w/pd495ODpHZYSdkRTsa0HA==",
			"requires": {
				"jwa": "^1.4.1",
				"safe-buffer": "^5.0.1"
			}
		},
		"lodash.includes": {
			"version": "4.3.0",
			"resolved": "https://registry.npmjs.org/lodash.includes/-/lodash.includes-4.3.0.tgz",
			"integrity": "sha1-YLuYqHy5I8aMoeUTJUgzFISfVT8="
		},
		"lodash.isboolean": {
			"version": "3.0.3",
			"resolved": "https://registry.npmjs.org/lodash.isboolean/-/lodash.isboolean-3.0.3.tgz",
			"integrity": "sha1-bC4XHbKiV82WgC/UOwGyDV9YcPY="
		},
		"lodash.isinteger": {
			"version": "4.0.4",
			"resolved": "https://registry.npmjs.org/lodash.isinteger/-/lodash.isinteger-4.0.4.tgz",
			"integrity": "sha1-YZwK89A/iwTDH1iChAt3sRzWg0M="
		},
		"lodash.isnumber": {
			"version": "3.0.3",
			"resolved": "https://registry.npmjs.org/lodash.isnumber/-/lodash.isnumber-3.0.3.tgz",
			"integrity": "sha1-POdoEMWSjQM1IwGsKHMX8RwLH/w="
		},
		"lodash.isplainobject": {
			"version": "4.0.6",
			"resolved": "https://registry.npmjs.org/lodash.isplainobject/-/lodash.isplainobject-4.0.6.tgz",
			"integrity": "sha1-fFJqUtibRcRcxpC4gWO+BJf1UMs="
		},
		"lodash.isstring": {
			"version": "4.0.1",
			"resolved": "https://registry.npmjs.org/lodash.isstring/-/lodash.isstring-4.0.1.tgz",
			"integrity": "sha1-1SfftUVuynzJu5XV2ur4i6VKVFE="
		},
		"lodash.once": {
			"version": "4.1.1",
			"resolved": "https://registry.npmjs.org/lodash.once/-/lodash.once-4.1.1.tgz",
			"integrity": "sha1-DdOXEhPHxW34gJd9UEyI+0cal6w="
		},
		"ms": {
			"version": "2.1.3",
			"resolved": "https://registry.npmjs.org/ms/-/ms-2.1.3.tgz",
			"integrity": "sha512-6FlzubTLZG3J2a/NVCAleEhjzq5oxgHyaCU9yYXvcLsvoVaHJq/s5xXI6/XXP6tz7R9xAOtHnSO/tXtF3WRTlA=="
		},
		"node-fetch": {
			"version": "2.6.1",
			"resolved": "https://registry.npmjs.org/node-fetch/-/node-fetch-2.6.1.tgz",
			"integrity": "sha512-V4aYg89jEoVRxRb2fJdAg8FHvI7cEyYdVAh94HH0UIK8oJxUfkjlDQN9RbMx+bEjP7+ggMiFRprSti032Oipxw=="
		},
		"oci-analytics": {
			"version": "1.19.2",
			"resolved": "https://registry.npmjs.org/oci-analytics/-/oci-analytics-1.19.2.tgz",
			"integrity": "sha512-EVueqviBmnnmo8xfU4SlfS42M7iVZJadc6xdAdBG8GDSoB8dmPoiizwHvINIcyVWRDlZWidoWKLMDrprH0h7aQ==",
			"requires": {
				"oci-common": "1.19.2",
				"oci-workrequests": "1.19.2"
			}
		},
		"oci-announcementsservice": {
			"version": "1.19.2",
			"resolved": "https://registry.npmjs.org/oci-announcementsservice/-/oci-announcementsservice-1.19.2.tgz",
			"integrity": "sha512-vURF1M/FqJGOqyrJYOhybqjpLiWTsZV70ekTZzpf+TIywCN4DO/W55Nm1jES4tsbfE/vZSmRkrfyauFmawLSAg==",
			"requires": {
				"oci-common": "1.19.2",
				"oci-workrequests": "1.19.2"
			}
		},
		"oci-apigateway": {
			"version": "1.19.2",
			"resolved": "https://registry.npmjs.org/oci-apigateway/-/oci-apigateway-1.19.2.tgz",
			"integrity": "sha512-k3E1vSYV0TUhXsZZZJGYcaL4SRFhuWnm6fYsgttSOdfgXtNRIaz0mLj4SOParFgOqPFlCerspxj7x9YXpyzpng==",
			"requires": {
				"oci-common": "1.19.2",
				"oci-workrequests": "1.19.2"
			}
		},
		"oci-apmcontrolplane": {
			"version": "1.19.2",
			"resolved": "https://registry.npmjs.org/oci-apmcontrolplane/-/oci-apmcontrolplane-1.19.2.tgz",
			"integrity": "sha512-rmL12myfVeiZxwloSq4sifU+M6GaSVmnqt6BRf++JhIEZbLPMDTQafBO6TKrFngHe/Lh22WnGyg6xlztnQdR0Q==",
			"requires": {
				"oci-common": "1.19.2",
				"oci-workrequests": "1.19.2"
			}
		},
		"oci-apmsynthetics": {
			"version": "1.19.2",
			"resolved": "https://registry.npmjs.org/oci-apmsynthetics/-/oci-apmsynthetics-1.19.2.tgz",
			"integrity": "sha512-ohgS3BXMpA+tx4orKvRo+S3MN0041WA87iGpkyCY16qGHL93xNr1mHg8JsOTrpDqPoOQAk8+fxr64Ex1H6u/yQ==",
			"requires": {
				"oci-common": "1.19.2",
				"oci-workrequests": "1.19.2"
			}
		},
		"oci-apmtraces": {
			"version": "1.19.2",
			"resolved": "https://registry.npmjs.org/oci-apmtraces/-/oci-apmtraces-1.19.2.tgz",
			"integrity": "sha512-V33SCqfcuh+TYhdDdQgVFpLKpJmucPcfoAgXRqhkNSRRr5iuTbHWMhbGwJWzPkVqpw+RPZol4161BP4AKAxB6A==",
			"requires": {
				"oci-common": "1.19.2",
				"oci-workrequests": "1.19.2"
			}
		},
		"oci-applicationmigration": {
			"version": "1.19.2",
			"resolved": "https://registry.npmjs.org/oci-applicationmigration/-/oci-applicationmigration-1.19.2.tgz",
			"integrity": "sha512-Zp6F5YWTWfqmNSQz5RFQ2SE9OSQiV4C6gjTTS0QrV89d7Ja/ngRSND+rwu7tHp1pGPp73uCp3iOSKcJM3OD8uA==",
			"requires": {
				"oci-common": "1.19.2",
				"oci-workrequests": "1.19.2"
			}
		},
		"oci-artifacts": {
			"version": "1.19.2",
			"resolved": "https://registry.npmjs.org/oci-artifacts/-/oci-artifacts-1.19.2.tgz",
			"integrity": "sha512-nbipXY09FawQgmQW3uOe6ASZ+2WXQJHZ7TraB3dFLP3nfEfs7O03QpM4OH5l4MLYaT3fnKgCdsNQKz8YF7j0aw==",
			"requires": {
				"oci-common": "1.19.2",
				"oci-workrequests": "1.19.2"
			}
		},
		"oci-audit": {
			"version": "1.19.2",
			"resolved": "https://registry.npmjs.org/oci-audit/-/oci-audit-1.19.2.tgz",
			"integrity": "sha512-o6quhULh7AMThC+8ZzoFtZWKw2/0GnKcIIn+KaLkUMVarDF03FfLwlfNhhL9evX5FYgXGOC4PzOaq3tEe0E0yA==",
			"requires": {
				"oci-common": "1.19.2",
				"oci-workrequests": "1.19.2"
			}
		},
		"oci-autoscaling": {
			"version": "1.19.2",
			"resolved": "https://registry.npmjs.org/oci-autoscaling/-/oci-autoscaling-1.19.2.tgz",
			"integrity": "sha512-T1MKTTJUPuMj6GbANr9PI9dTlJfSa2vC7n1V6j0+HPHP78nAFpZc6wSAvZdLuaw76wAq/efd2Ijgf6ykmDkmNA==",
			"requires": {
				"oci-common": "1.19.2",
				"oci-workrequests": "1.19.2"
			}
		},
		"oci-bds": {
			"version": "1.19.2",
			"resolved": "https://registry.npmjs.org/oci-bds/-/oci-bds-1.19.2.tgz",
			"integrity": "sha512-+cQFgxxZ/mZRow8bOQioZBYoYOV6m7S9OUkdd74l6STtYOkkVFqpDLd4PHqNYUFV426nF4Dw46kRQKxA5WycIA==",
			"requires": {
				"oci-common": "1.19.2",
				"oci-workrequests": "1.19.2"
			}
		},
		"oci-blockchain": {
			"version": "1.19.2",
			"resolved": "https://registry.npmjs.org/oci-blockchain/-/oci-blockchain-1.19.2.tgz",
			"integrity": "sha512-xy95NZ2AoBHWTXmlxHqgDnC3BU14j+IQi7LYBPfF9qtNsu2zHC9O+ZtKaUKJLRWDAzKlvCY65Gy+VB80v2wChA==",
			"requires": {
				"oci-common": "1.19.2",
				"oci-workrequests": "1.19.2"
			}
		},
		"oci-budget": {
			"version": "1.19.2",
			"resolved": "https://registry.npmjs.org/oci-budget/-/oci-budget-1.19.2.tgz",
			"integrity": "sha512-CfB0au7bkERXMVcxj+yHvdV86Sr0SdBftjofs2MnMhKYCoTYdgEX7528FCOSqj4xtl+IbzHo/dS+0+e5kqQmTQ==",
			"requires": {
				"oci-common": "1.19.2",
				"oci-workrequests": "1.19.2"
			}
		},
		"oci-cims": {
			"version": "1.19.2",
			"resolved": "https://registry.npmjs.org/oci-cims/-/oci-cims-1.19.2.tgz",
			"integrity": "sha512-435KWy6baOeO0ryxyEWBNe5nvM5v17NDAvTUkp/TzeOq2UlgHdA+PpMdfwjNOmyZtq1ay/qOscapw72TA+ZT2w==",
			"requires": {
				"oci-common": "1.19.2",
				"oci-workrequests": "1.19.2"
			}
		},
		"oci-cloudguard": {
			"version": "1.19.2",
			"resolved": "https://registry.npmjs.org/oci-cloudguard/-/oci-cloudguard-1.19.2.tgz",
			"integrity": "sha512-poL2Oxfx3/NSbQw9TUrrcTGXidkf95UMgoF+H+ZmxKl8ig0yW4EbSxuY1BBCpUHnVfvId/RYMSZHduCM68QxEQ==",
			"requires": {
				"oci-common": "1.19.2",
				"oci-workrequests": "1.19.2"
			}
		},
		"oci-common": {
			"version": "1.19.2",
			"resolved": "https://registry.npmjs.org/oci-common/-/oci-common-1.19.2.tgz",
			"integrity": "sha512-1h9ypFLTPQ+0x8CsLE9IChWhugWi/UNYI+2fxHiliFfym1FINhLO6M40RY2Zb950ly6Om4QcWZnzPLDJQHkjwg==",
			"requires": {
				"@types/isomorphic-fetch": "0.0.35",
				"@types/jsonwebtoken": "^8.5.0",
				"@types/jssha": "^2.0.0",
				"@types/opossum": "4.1.1",
				"@types/sshpk": "^1.10.3",
				"es6-promise": "4.2.6",
				"http-signature": "1.3.1",
				"isomorphic-fetch": "3.0.0",
				"jsonwebtoken": "8.5.1",
				"jssha": "2.4.1",
				"opossum": "5.0.1",
				"sshpk": "1.16.1",
				"uuid": "3.3.3"
			}
		},
		"oci-computeinstanceagent": {
			"version": "1.19.2",
			"resolved": "https://registry.npmjs.org/oci-computeinstanceagent/-/oci-computeinstanceagent-1.19.2.tgz",
			"integrity": "sha512-gQ/psb3AtsOp1ATK7RboSZDfsKfnTcZ2LDtq00slb0CO2HeS5Zw+LIPTUeFS82T6MCp2xOSrcYuscSKV801wwQ==",
			"requires": {
				"oci-common": "1.19.2",
				"oci-workrequests": "1.19.2"
			}
		},
		"oci-containerengine": {
			"version": "1.19.2",
			"resolved": "https://registry.npmjs.org/oci-containerengine/-/oci-containerengine-1.19.2.tgz",
			"integrity": "sha512-a+5KZ2pD5De/ZXe2GOcwRmWVcTOeEHle73CHDN001QHN22n8Z6DPcxn55+DGHNpq1IRosNCWLsJdXfCz4DWgnA==",
			"requires": {
				"oci-common": "1.19.2",
				"oci-workrequests": "1.19.2"
			}
		},
		"oci-core": {
			"version": "1.19.2",
			"resolved": "https://registry.npmjs.org/oci-core/-/oci-core-1.19.2.tgz",
			"integrity": "sha512-Pcl9W90fdOr9e4wELYl0jFciNH7fwBlC9sJJfQyTxVcpfPEJgdHV1CusK6S8CgFBBR2zPthFeFMGN4dMEI+tDg==",
			"requires": {
				"oci-common": "1.19.2",
				"oci-workrequests": "1.19.2"
			}
		},
		"oci-database": {
			"version": "1.19.2",
			"resolved": "https://registry.npmjs.org/oci-database/-/oci-database-1.19.2.tgz",
			"integrity": "sha512-BlLeyDO1h4wizmg6126aFKSRAYm6UosXU+80kSMjHS7NEIgJ4u+UoTXcjO2UTGM7NKQCaD8DDURKTjg8hPnPsw==",
			"requires": {
				"oci-common": "1.19.2",
				"oci-workrequests": "1.19.2"
			}
		},
		"oci-databasemanagement": {
			"version": "1.19.2",
			"resolved": "https://registry.npmjs.org/oci-databasemanagement/-/oci-databasemanagement-1.19.2.tgz",
			"integrity": "sha512-hUGOQDChtR0tziYMTB9b+Pvg9eOM4wRiK5QoK6W4zXrYgIFbVF0WqCL5NAyd6Zcj+nmc0qCgoaYZAOoBkifI0g==",
			"requires": {
				"oci-common": "1.19.2",
				"oci-workrequests": "1.19.2"
			}
		},
		"oci-databasemigration": {
			"version": "1.19.2",
			"resolved": "https://registry.npmjs.org/oci-databasemigration/-/oci-databasemigration-1.19.2.tgz",
			"integrity": "sha512-7FSdCWXmBt9S6XHpjzmJHfhRCO7sZCZWW2fRyt1BBmaw4q0Ur4n2JK0HkNa8HuBlLOKKf06hiNopdwpNz5dJDw==",
			"requires": {
				"oci-common": "1.19.2",
				"oci-workrequests": "1.19.2"
			}
		},
		"oci-datacatalog": {
			"version": "1.19.2",
			"resolved": "https://registry.npmjs.org/oci-datacatalog/-/oci-datacatalog-1.19.2.tgz",
			"integrity": "sha512-Vrrw0gZqneHeLCdEarDCIVZh3qLNCFY6j5EXgQUPgeMp6ufj86MDGhme3ktV5X4dPQ0mhHdsINmkyGrJoF9fXw==",
			"requires": {
				"oci-common": "1.19.2",
				"oci-workrequests": "1.19.2"
			}
		},
		"oci-dataflow": {
			"version": "1.19.2",
			"resolved": "https://registry.npmjs.org/oci-dataflow/-/oci-dataflow-1.19.2.tgz",
			"integrity": "sha512-141+rcmcmYS+ObOxourdl8oS28ZBylx8xIoVCeB/kC+gPGlUgFbQ1QtRF6idbp4S6EtZ05dz/eVKMNuUKkeqMA==",
			"requires": {
				"oci-common": "1.19.2",
				"oci-workrequests": "1.19.2"
			}
		},
		"oci-dataintegration": {
			"version": "1.19.2",
			"resolved": "https://registry.npmjs.org/oci-dataintegration/-/oci-dataintegration-1.19.2.tgz",
			"integrity": "sha512-0L8uYD/O5NncQxK+sEPtG1UAyqurGcmXrMD8PAKfHuyTPh8grC+F+wy984EZxTh2WUL3t8pppN3Q3u6QHzaXIQ==",
			"requires": {
				"oci-common": "1.19.2",
				"oci-workrequests": "1.19.2"
			}
		},
		"oci-datasafe": {
			"version": "1.19.2",
			"resolved": "https://registry.npmjs.org/oci-datasafe/-/oci-datasafe-1.19.2.tgz",
			"integrity": "sha512-fbbAtR+GhGgqpfJR3ZSdmqmxnXxyatUpEa1xm4W+i5RnS4pKaU3R2gyZziy94ZCv9mtmPEnbBKBGfX/d5GwK4A==",
			"requires": {
				"oci-common": "1.19.2",
				"oci-workrequests": "1.19.2"
			}
		},
		"oci-datascience": {
			"version": "1.19.2",
			"resolved": "https://registry.npmjs.org/oci-datascience/-/oci-datascience-1.19.2.tgz",
			"integrity": "sha512-gBrpnca1yuVhIBBbQKJB0jLdFR9H0oDxmP6aGo6eutiPRqNeUt5v9msYpKk6u5ibgMsel2aSsJU9htfTBoKv9Q==",
			"requires": {
				"oci-common": "1.19.2",
				"oci-workrequests": "1.19.2"
			}
		},
		"oci-dns": {
			"version": "1.19.2",
			"resolved": "https://registry.npmjs.org/oci-dns/-/oci-dns-1.19.2.tgz",
			"integrity": "sha512-pIS7Kj5dXmBBC8q9vy8xRki+IcZ5+4tJ3dPV5ltgCHd/rPbiu/7smA/r4DqQLt3+Y+J6F3VTJcExH1/+yr5Q0g==",
			"requires": {
				"oci-common": "1.19.2",
				"oci-workrequests": "1.19.2"
			}
		},
		"oci-dts": {
			"version": "1.19.2",
			"resolved": "https://registry.npmjs.org/oci-dts/-/oci-dts-1.19.2.tgz",
			"integrity": "sha512-CiNyqW6DOfs911eU5fIOYuapVBbwDD2L1g/O+6IhPRQhtfT9Om98EO7tZiyQ0oKHltQHNclsD60ED9gMlr9RpA==",
			"requires": {
				"oci-common": "1.19.2",
				"oci-workrequests": "1.19.2"
			}
		},
		"oci-email": {
			"version": "1.19.2",
			"resolved": "https://registry.npmjs.org/oci-email/-/oci-email-1.19.2.tgz",
			"integrity": "sha512-sfu5oGI2+YvXbZbWxY8wAQE5XFNgNygZB0qekS+cTzKHIyEdgDXNFAMWzlbFMMNaOX4/cmAU8D5ZvuAyOOjqgw==",
			"requires": {
				"oci-common": "1.19.2",
				"oci-workrequests": "1.19.2"
			}
		},
		"oci-events": {
			"version": "1.19.2",
			"resolved": "https://registry.npmjs.org/oci-events/-/oci-events-1.19.2.tgz",
			"integrity": "sha512-nkd82ZJnMVLhhIt9rF7Pfhzx5aDUnr6OBOBE1Y5jkdz8WC5sifxuBD/qAPRYudoAPDhrbKh2APoheqcXB+h0ug==",
			"requires": {
				"oci-common": "1.19.2",
				"oci-workrequests": "1.19.2"
			}
		},
		"oci-filestorage": {
			"version": "1.19.2",
			"resolved": "https://registry.npmjs.org/oci-filestorage/-/oci-filestorage-1.19.2.tgz",
			"integrity": "sha512-drDgfrQqopebMW1gEdPy1J3VYk6/spYRhqmWlJmPzTXI0eJmkiw1D9z3WGGlnhMjqWa7tCfgTNLlqEcfuhcQ3g==",
			"requires": {
				"oci-common": "1.19.2",
				"oci-workrequests": "1.19.2"
			}
		},
		"oci-functions": {
			"version": "1.19.2",
			"resolved": "https://registry.npmjs.org/oci-functions/-/oci-functions-1.19.2.tgz",
			"integrity": "sha512-Fvk9/z7pndHHP2lJGv6n1DOZ4zYk3guvPMbrBMz8Dyw1vU9b48UglixWJpbIggBCT5ClBVgAIc0IkMggR7ehug==",
			"requires": {
				"oci-common": "1.19.2",
				"oci-workrequests": "1.19.2"
			}
		},
		"oci-goldengate": {
			"version": "1.19.2",
			"resolved": "https://registry.npmjs.org/oci-goldengate/-/oci-goldengate-1.19.2.tgz",
			"integrity": "sha512-JL6AI/+ad4/MOKWJoxywt7eQfLMC8YFHt5hLYqWn16gNjjp5nT7Fa2HlNNMY5hnLQu+dT7CllBkEum9OwRlwcA==",
			"requires": {
				"oci-common": "1.19.2",
				"oci-workrequests": "1.19.2"
			}
		},
		"oci-healthchecks": {
			"version": "1.19.2",
			"resolved": "https://registry.npmjs.org/oci-healthchecks/-/oci-healthchecks-1.19.2.tgz",
			"integrity": "sha512-85C/s/SKqtoT5y2z3BF5rKN5UR9hhOGIrMbN59UX/rviGwHXnqOWnGY0Wfc1srSSzfS+bdfIdhihYbuNW2WXxQ==",
			"requires": {
				"oci-common": "1.19.2",
				"oci-workrequests": "1.19.2"
			}
		},
		"oci-identity": {
			"version": "1.19.2",
			"resolved": "https://registry.npmjs.org/oci-identity/-/oci-identity-1.19.2.tgz",
			"integrity": "sha512-vYQPYzs98JUeoocqGLrxBvLDHh29bLlGFnjFPQRENA5xcs62LOFItoHpWuCpUS+PkJskGumdq6Db2+m6ijuhpg==",
			"requires": {
				"oci-common": "1.19.2",
				"oci-workrequests": "1.19.2"
			}
		},
		"oci-integration": {
			"version": "1.19.2",
			"resolved": "https://registry.npmjs.org/oci-integration/-/oci-integration-1.19.2.tgz",
			"integrity": "sha512-E3iSUNET05dSTDt5MzkVtulo+2DqjGOZKMakB9DsZl8n8RBz0b9+6Mh/zQ4ml1ZvNvh7sWBDGHWU6X4TqTE+PA==",
			"requires": {
				"oci-common": "1.19.2",
				"oci-workrequests": "1.19.2"
			}
		},
		"oci-keymanagement": {
			"version": "1.19.2",
			"resolved": "https://registry.npmjs.org/oci-keymanagement/-/oci-keymanagement-1.19.2.tgz",
			"integrity": "sha512-Npyt0kaRt6uxADtXoBRrcZ/CTRWo1lyqJZpmhoLYlO/53Pd6NOxfzMFU58RnHRZWVdWNQyZ7EJNQe5aaxLVBBg==",
			"requires": {
				"oci-common": "1.19.2",
				"oci-workrequests": "1.19.2"
			}
		},
		"oci-limits": {
			"version": "1.19.2",
			"resolved": "https://registry.npmjs.org/oci-limits/-/oci-limits-1.19.2.tgz",
			"integrity": "sha512-5Q22DZsnzNYqRbUF7T8K22KDI95XEKFVaGUKtSvHKyvaKnJybD/fpVkvBur0xHnXj8aZi2dkUO2+YtXVGhcGqg==",
			"requires": {
				"oci-common": "1.19.2",
				"oci-workrequests": "1.19.2"
			}
		},
		"oci-loadbalancer": {
			"version": "1.19.2",
			"resolved": "https://registry.npmjs.org/oci-loadbalancer/-/oci-loadbalancer-1.19.2.tgz",
			"integrity": "sha512-37UCQj0rV58IdWvdG2r3TDH3hwQtu03NuzkkURMS6UdJSRTnSsMcqFTKeFeZgAGUm+UvXHWXh8xL+VRWBYDMng==",
			"requires": {
				"oci-common": "1.19.2",
				"oci-workrequests": "1.19.2"
			}
		},
		"oci-loganalytics": {
			"version": "1.19.2",
			"resolved": "https://registry.npmjs.org/oci-loganalytics/-/oci-loganalytics-1.19.2.tgz",
			"integrity": "sha512-wHRSVSbI+zJ+9rcsfrx/mbkuODNqgFKvusXOfEUNJ+i/Jo86dgit6S7NLwwPch3SkO6aYfPFxmm/VE4xffuf4Q==",
			"requires": {
				"oci-common": "1.19.2",
				"oci-workrequests": "1.19.2"
			}
		},
		"oci-logging": {
			"version": "1.19.2",
			"resolved": "https://registry.npmjs.org/oci-logging/-/oci-logging-1.19.2.tgz",
			"integrity": "sha512-qT+WsvQacH6NCzoTqrJ/YOHrQ1ww5rLFHT/oa8QPKB/CBCBdr/Y/b9fZEPzHwwDXbzqmfsgKlzROwdKKqyQUUg==",
			"requires": {
				"oci-common": "1.19.2",
				"oci-workrequests": "1.19.2"
			}
		},
		"oci-loggingingestion": {
			"version": "1.19.2",
			"resolved": "https://registry.npmjs.org/oci-loggingingestion/-/oci-loggingingestion-1.19.2.tgz",
			"integrity": "sha512-gOITct0CUf/tik0Mcx9mshgoXCUcRG5JQal2f3FuYQAqpJntRagrJLFwxZdtYME4+n+svVplnDzo50fA6FSVAQ==",
			"requires": {
				"oci-common": "1.19.2",
				"oci-workrequests": "1.19.2"
			}
		},
		"oci-loggingsearch": {
			"version": "1.19.2",
			"resolved": "https://registry.npmjs.org/oci-loggingsearch/-/oci-loggingsearch-1.19.2.tgz",
			"integrity": "sha512-bhwSqp8cxGJFnrX1+2GAcTjXeUgMYeuvjsnQhPCH18H8jtbuEDCPeyJ7+Te4pC+Ldw69WQGOM+VH8qfG0xI1ng==",
			"requires": {
				"oci-common": "1.19.2",
				"oci-workrequests": "1.19.2"
			}
		},
		"oci-managementagent": {
			"version": "1.19.2",
			"resolved": "https://registry.npmjs.org/oci-managementagent/-/oci-managementagent-1.19.2.tgz",
			"integrity": "sha512-h/CY6GKJriJ3YQIyXPDYqfAxhDq8KHOv/m96XuoAs85K8/Zv64YyabmFeNl9C0Ptnf6VL/2sQM4uhzqup0gkqA==",
			"requires": {
				"oci-common": "1.19.2",
				"oci-workrequests": "1.19.2"
			}
		},
		"oci-managementdashboard": {
			"version": "1.19.2",
			"resolved": "https://registry.npmjs.org/oci-managementdashboard/-/oci-managementdashboard-1.19.2.tgz",
			"integrity": "sha512-rBYn+mFktC5B2fkgexdRlDasd5PyazXS6A0dVHO1+iww3RcG6Hwyzdd2TLGf8TTd8bIaauhaqlKty6XTDqZr5Q==",
			"requires": {
				"oci-common": "1.19.2",
				"oci-workrequests": "1.19.2"
			}
		},
		"oci-marketplace": {
			"version": "1.19.2",
			"resolved": "https://registry.npmjs.org/oci-marketplace/-/oci-marketplace-1.19.2.tgz",
			"integrity": "sha512-GHvkEF1ejCwhId9NFAVxIjy/QsRE1RozMOw1f3VU/F5wO05qQqSEdp3kbmokAB6x3XNELAH0Zxf4NUOVj7GaXA==",
			"requires": {
				"oci-common": "1.19.2",
				"oci-workrequests": "1.19.2"
			}
		},
		"oci-monitoring": {
			"version": "1.19.2",
			"resolved": "https://registry.npmjs.org/oci-monitoring/-/oci-monitoring-1.19.2.tgz",
			"integrity": "sha512-dJG9PRsUlA3YwvzJWDjVV/8ZdOciSuisxEgcqhPEketIsenWhNglG2U4sXnBN7IlXC2tuZZiwz8uIYWISDjIbQ==",
			"requires": {
				"oci-common": "1.19.2",
				"oci-workrequests": "1.19.2"
			}
		},
		"oci-mysql": {
			"version": "1.19.2",
			"resolved": "https://registry.npmjs.org/oci-mysql/-/oci-mysql-1.19.2.tgz",
			"integrity": "sha512-iOY3Q/XByTJpRncWTAJzPqvCbSTxz6wiTmmo7JyaS39BTyGnqf+U+VLqTHPNbBtM327tNUtFxBRV5jOqfuoK3A==",
			"requires": {
				"oci-common": "1.19.2",
				"oci-workrequests": "1.19.2"
			}
		},
		"oci-networkloadbalancer": {
			"version": "1.19.2",
			"resolved": "https://registry.npmjs.org/oci-networkloadbalancer/-/oci-networkloadbalancer-1.19.2.tgz",
			"integrity": "sha512-phteWdQmzfbpFSV3YmrEoj9EfjXhV+/w1/wVzOpDvGqF053dqgC7vPhH81RRGHP6dZJg29eDN8oGf6sXNDpxLg==",
			"requires": {
				"oci-common": "1.19.2",
				"oci-workrequests": "1.19.2"
			}
		},
		"oci-nosql": {
			"version": "1.19.2",
			"resolved": "https://registry.npmjs.org/oci-nosql/-/oci-nosql-1.19.2.tgz",
			"integrity": "sha512-8myT5zwtY/Y44bCDBCA9FjBeA1LCO+CX0CYLi9ZJq9wT9yKEkv3j1CY3nuZcHu/tGQVLtgwPZOK3b8oU/UdC1A==",
			"requires": {
				"oci-common": "1.19.2",
				"oci-workrequests": "1.19.2"
			}
		},
		"oci-objectstorage": {
			"version": "1.19.2",
			"resolved": "https://registry.npmjs.org/oci-objectstorage/-/oci-objectstorage-1.19.2.tgz",
			"integrity": "sha512-Ez7lrbwp7ekOF1fb3rZQk8FBZKoHNzoYNemwIj+6ChqWU+cbs3Ddeync0+kIj+YdVgGfRZFAmzwcgN/mX0zXDg==",
			"requires": {
				"await-semaphore": "^0.1.3",
				"oci-common": "1.19.2",
				"oci-workrequests": "1.19.2"
			}
		},
		"oci-oce": {
			"version": "1.19.2",
			"resolved": "https://registry.npmjs.org/oci-oce/-/oci-oce-1.19.2.tgz",
			"integrity": "sha512-dUPoh1LyXFPrgO6foCcnxkN3iVYPFWpi8rP+EgZC3MZikvkDq07Xq2kP8OJ78edLwb4vx2VCLwrAmQJ2dbIqPg==",
			"requires": {
				"oci-common": "1.19.2",
				"oci-workrequests": "1.19.2"
			}
		},
		"oci-ocvp": {
			"version": "1.19.2",
			"resolved": "https://registry.npmjs.org/oci-ocvp/-/oci-ocvp-1.19.2.tgz",
			"integrity": "sha512-7u9CwSkgAmWXr7AQH3CvgachLt68WDZZysG2udn66ndI/RLL4ZBvMehw9qOiXuvsPKnTv7kxsU4DRtrirWoAMQ==",
			"requires": {
				"oci-common": "1.19.2",
				"oci-workrequests": "1.19.2"
			}
		},
		"oci-oda": {
			"version": "1.19.2",
			"resolved": "https://registry.npmjs.org/oci-oda/-/oci-oda-1.19.2.tgz",
			"integrity": "sha512-d7qPDYagNrGwXx7HL8IVvS99EuXs84JbZTYm5sRtJFEccT3BVEWye4qSTDgg0nV7AKi1BI9zELlCZ5/NjsZX/A==",
			"requires": {
				"oci-common": "1.19.2",
				"oci-workrequests": "1.19.2"
			}
		},
		"oci-ons": {
			"version": "1.19.2",
			"resolved": "https://registry.npmjs.org/oci-ons/-/oci-ons-1.19.2.tgz",
			"integrity": "sha512-ELcYTR8FfHlFNp08Ah+ObmBsy/uioxSXfw7sPlsfE2GulIEUUAqQfhW7F8KA8Qzzw4+vZ653EAmYb2PzRKb8jg==",
			"requires": {
				"oci-common": "1.19.2",
				"oci-workrequests": "1.19.2"
			}
		},
		"oci-opsi": {
			"version": "1.19.2",
			"resolved": "https://registry.npmjs.org/oci-opsi/-/oci-opsi-1.19.2.tgz",
			"integrity": "sha512-BtuOLKJzaFw34ir6Kof50e1yz71G0G7bLXuaUiXOHG/1eDdehbOHBK7JTs38bWt/gzMn5TtN4sIjfer0FqnaNQ==",
			"requires": {
				"oci-common": "1.19.2",
				"oci-workrequests": "1.19.2"
			}
		},
		"oci-optimizer": {
			"version": "1.19.2",
			"resolved": "https://registry.npmjs.org/oci-optimizer/-/oci-optimizer-1.19.2.tgz",
			"integrity": "sha512-xcm9tSAn/bzyRc/J3uktQrF1sW3YihLd1GG5ewEvmVARvc0CcOpkbbaO4wn57mWMr0EQSmHtAu22j8Ipk5mG2Q==",
			"requires": {
				"oci-common": "1.19.2",
				"oci-workrequests": "1.19.2"
			}
		},
		"oci-osmanagement": {
			"version": "1.19.2",
			"resolved": "https://registry.npmjs.org/oci-osmanagement/-/oci-osmanagement-1.19.2.tgz",
			"integrity": "sha512-ScAT91PYM/qnV7EAMvWGC/7DcpyCMRhMx840wWZoDYed8DYRg0bzpfemMejE4ML9CULqWtkOmdph5hirS0a1PQ==",
			"requires": {
				"oci-common": "1.19.2",
				"oci-workrequests": "1.19.2"
			}
		},
		"oci-resourcemanager": {
			"version": "1.19.2",
			"resolved": "https://registry.npmjs.org/oci-resourcemanager/-/oci-resourcemanager-1.19.2.tgz",
			"integrity": "sha512-YV7cBqs9SbdxqC58Ho28OK9/LPLi6nTCroxthzZD39g7uLBKXVNIi8SFHDNcDHE0wc27xHP0b2Jx8xThGC6MNA==",
			"requires": {
				"oci-common": "1.19.2",
				"oci-workrequests": "1.19.2"
			}
		},
		"oci-resourcesearch": {
			"version": "1.19.2",
			"resolved": "https://registry.npmjs.org/oci-resourcesearch/-/oci-resourcesearch-1.19.2.tgz",
			"integrity": "sha512-E+85jUvh8X7rbKUD8U2eH/EaCUd6xaAPWdBDc7x0XkgBa+BhHTELoLki/p680pKnYDMiYnZ8tX0ua2jgDr+kDQ==",
			"requires": {
				"oci-common": "1.19.2",
				"oci-workrequests": "1.19.2"
			}
		},
		"oci-rover": {
			"version": "1.19.2",
			"resolved": "https://registry.npmjs.org/oci-rover/-/oci-rover-1.19.2.tgz",
			"integrity": "sha512-heWtRQ2xQrAVhvYWQFj4oGsT3nDn4ITGWkoITtXGGTr9WXczzdIWQMRALR58CPCV4/J0WrwrYDDCV3XSgKGdjw==",
			"requires": {
				"oci-common": "1.19.2",
				"oci-workrequests": "1.19.2"
			}
		},
		"oci-sch": {
			"version": "1.19.2",
			"resolved": "https://registry.npmjs.org/oci-sch/-/oci-sch-1.19.2.tgz",
			"integrity": "sha512-KRlV0DU46da6+itjcqNV3STuq7KNpWHKz6hVy0FXnIe4WL961PZ77sVGTllfLgFg38YonYMco2QUamuk7VFXxQ==",
			"requires": {
				"oci-common": "1.19.2",
				"oci-workrequests": "1.19.2"
			}
		},
		"oci-sdk": {
			"version": "1.19.2",
			"resolved": "https://registry.npmjs.org/oci-sdk/-/oci-sdk-1.19.2.tgz",
			"integrity": "sha512-d0HLvTIPsjy0mUoFsYpsDFwI/SRyBEjxq0VqkrzVsWfgUpkZkqMx6xLRdUo4eQzV9lJJTFJWArQ7+6oZijt5vA==",
			"requires": {
				"oci-analytics": "1.19.2",
				"oci-announcementsservice": "1.19.2",
				"oci-apigateway": "1.19.2",
				"oci-apmcontrolplane": "1.19.2",
				"oci-apmsynthetics": "1.19.2",
				"oci-apmtraces": "1.19.2",
				"oci-applicationmigration": "1.19.2",
				"oci-artifacts": "1.19.2",
				"oci-audit": "1.19.2",
				"oci-autoscaling": "1.19.2",
				"oci-bds": "1.19.2",
				"oci-blockchain": "1.19.2",
				"oci-budget": "1.19.2",
				"oci-cims": "1.19.2",
				"oci-cloudguard": "1.19.2",
				"oci-common": "1.19.2",
				"oci-computeinstanceagent": "1.19.2",
				"oci-containerengine": "1.19.2",
				"oci-core": "1.19.2",
				"oci-database": "1.19.2",
				"oci-databasemanagement": "1.19.2",
				"oci-databasemigration": "1.19.2",
				"oci-datacatalog": "1.19.2",
				"oci-dataflow": "1.19.2",
				"oci-dataintegration": "1.19.2",
				"oci-datasafe": "1.19.2",
				"oci-datascience": "1.19.2",
				"oci-dns": "1.19.2",
				"oci-dts": "1.19.2",
				"oci-email": "1.19.2",
				"oci-events": "1.19.2",
				"oci-filestorage": "1.19.2",
				"oci-functions": "1.19.2",
				"oci-goldengate": "1.19.2",
				"oci-healthchecks": "1.19.2",
				"oci-identity": "1.19.2",
				"oci-integration": "1.19.2",
				"oci-keymanagement": "1.19.2",
				"oci-limits": "1.19.2",
				"oci-loadbalancer": "1.19.2",
				"oci-loganalytics": "1.19.2",
				"oci-logging": "1.19.2",
				"oci-loggingingestion": "1.19.2",
				"oci-loggingsearch": "1.19.2",
				"oci-managementagent": "1.19.2",
				"oci-managementdashboard": "1.19.2",
				"oci-marketplace": "1.19.2",
				"oci-monitoring": "1.19.2",
				"oci-mysql": "1.19.2",
				"oci-networkloadbalancer": "1.19.2",
				"oci-nosql": "1.19.2",
				"oci-objectstorage": "1.19.2",
				"oci-oce": "1.19.2",
				"oci-ocvp": "1.19.2",
				"oci-oda": "1.19.2",
				"oci-ons": "1.19.2",
				"oci-opsi": "1.19.2",
				"oci-optimizer": "1.19.2",
				"oci-osmanagement": "1.19.2",
				"oci-resourcemanager": "1.19.2",
				"oci-resourcesearch": "1.19.2",
				"oci-rover": "1.19.2",
				"oci-sch": "1.19.2",
				"oci-secrets": "1.19.2",
				"oci-streaming": "1.19.2",
				"oci-tenantmanagercontrolplane": "1.19.2",
				"oci-usageapi": "1.19.2",
				"oci-vault": "1.19.2",
				"oci-vulnerabilityscanning": "1.19.2",
				"oci-waas": "1.19.2",
				"oci-workrequests": "1.19.2"
			}
		},
		"oci-secrets": {
			"version": "1.19.2",
			"resolved": "https://registry.npmjs.org/oci-secrets/-/oci-secrets-1.19.2.tgz",
			"integrity": "sha512-ef+5xy9uyvciACjYlJnIyqZo/S9QgeNX38htkcWcj0PVGk+oeRQksC31gyO74viADu7Z9+pj5y58+7AqGTKk2Q==",
			"requires": {
				"oci-common": "1.19.2",
				"oci-workrequests": "1.19.2"
			}
		},
		"oci-streaming": {
			"version": "1.19.2",
			"resolved": "https://registry.npmjs.org/oci-streaming/-/oci-streaming-1.19.2.tgz",
			"integrity": "sha512-KdOJXEvFCiBPQsGFCWaDN0mmquSFhZ8GJTmvEp+pPoUE8gdCreq2XW7Rk4vu1nrU5agOq6b4U/PR+Y631W+kmw==",
			"requires": {
				"oci-common": "1.19.2",
				"oci-workrequests": "1.19.2"
			}
		},
		"oci-tenantmanagercontrolplane": {
			"version": "1.19.2",
			"resolved": "https://registry.npmjs.org/oci-tenantmanagercontrolplane/-/oci-tenantmanagercontrolplane-1.19.2.tgz",
			"integrity": "sha512-PvBcwJIV/sEVBI48j9J0ZDjioXq8AwRuA4v0qL2DzVIB8OXulzcnmiqPmKMhE8XR6oyItCay4LURQryve/u7dg==",
			"requires": {
				"oci-common": "1.19.2",
				"oci-workrequests": "1.19.2"
			}
		},
		"oci-usageapi": {
			"version": "1.19.2",
			"resolved": "https://registry.npmjs.org/oci-usageapi/-/oci-usageapi-1.19.2.tgz",
			"integrity": "sha512-CZ9x/eht9PDFHZjuCVrnUjsZMaNJQFr0FZtPbTjB82ocxTeDgJqIbjuY+k5MBph9N+HdEhExsk4pZZ8IAZLlWg==",
			"requires": {
				"oci-common": "1.19.2",
				"oci-workrequests": "1.19.2"
			}
		},
		"oci-vault": {
			"version": "1.19.2",
			"resolved": "https://registry.npmjs.org/oci-vault/-/oci-vault-1.19.2.tgz",
			"integrity": "sha512-RtVA98Ez5JgByEJl5zfWFO2Gbksj/LeOVqaknbpZpYfjM0L+MFYjCJ2Zf4gxG0dvdfdruosKpjBx+CEbEHqaIA==",
			"requires": {
				"oci-common": "1.19.2",
				"oci-workrequests": "1.19.2"
			}
		},
		"oci-vulnerabilityscanning": {
			"version": "1.19.2",
			"resolved": "https://registry.npmjs.org/oci-vulnerabilityscanning/-/oci-vulnerabilityscanning-1.19.2.tgz",
			"integrity": "sha512-snFI4qmMi3ZRQWokUhxcHI1ARchGz1Htd0yPX406WmWCEqes/Clgc5lryRDjFGsrIkWQoe4TOauCqSKhE9epew==",
			"requires": {
				"oci-common": "1.19.2",
				"oci-workrequests": "1.19.2"
			}
		},
		"oci-waas": {
			"version": "1.19.2",
			"resolved": "https://registry.npmjs.org/oci-waas/-/oci-waas-1.19.2.tgz",
			"integrity": "sha512-ztqXVzYNQHbX6PqMoWrUkMoHesq2606aLRkoCc2798tUqsw3Q07S0qhJJvnbR3X2cu1FwYgjiNuFH2lYI3XABQ==",
			"requires": {
				"oci-common": "1.19.2",
				"oci-workrequests": "1.19.2"
			}
		},
		"oci-workrequests": {
			"version": "1.19.2",
			"resolved": "https://registry.npmjs.org/oci-workrequests/-/oci-workrequests-1.19.2.tgz",
			"integrity": "sha512-ap18B6Pl2XU/5gG9XyxqZCwapjlgCnpCjlyx6/8yDc0UaIY90+N92ZGpkyptUGQJVGh+F3B1GPE1wV4hnUydaw==",
			"requires": {
				"oci-common": "1.19.2",
				"oci-workrequests": "1.19.2"
			}
		},
		"opossum": {
			"version": "5.0.1",
			"resolved": "https://registry.npmjs.org/opossum/-/opossum-5.0.1.tgz",
			"integrity": "sha512-iUDUQmFl3RanaBVLMDTZ6WtXj/Hk84pwJ5JWoJaQd1lXGifdApHhszI3biZvdBDdpTERCmB6x+7+uNvzhzVZIg=="
		},
		"safe-buffer": {
			"version": "5.2.1",
			"resolved": "https://registry.npmjs.org/safe-buffer/-/safe-buffer-5.2.1.tgz",
			"integrity": "sha512-rp3So07KcdmmKbGvgaNxQSJr7bGVSVk5S9Eq1F+ppbRo70+YeaDxkw5Dd8NPN+GD6bjnYm2VuPuCXmpuYvmCXQ=="
		},
		"safer-buffer": {
			"version": "2.1.2",
			"resolved": "https://registry.npmjs.org/safer-buffer/-/safer-buffer-2.1.2.tgz",
			"integrity": "sha512-YZo3K82SD7Riyi0E1EQPojLz7kpepnSQI9IyPbHHg1XXXevb5dJI7tpyN2ADxGcQbHG7vcyRHk0cbwqcQriUtg=="
		},
		"semver": {
			"version": "5.7.1",
			"resolved": "https://registry.npmjs.org/semver/-/semver-5.7.1.tgz",
			"integrity": "sha512-sauaDf/PZdVgrLTNYHRtpXa1iRiKcaebiKQ1BJdpQlWH2lCvexQdX55snPFyK7QzpudqbCI0qXFfOasHdyNDGQ=="
		},
		"sshpk": {
			"version": "1.16.1",
			"resolved": "https://registry.npmjs.org/sshpk/-/sshpk-1.16.1.tgz",
			"integrity": "sha512-HXXqVUq7+pcKeLqqZj6mHFUMvXtOJt1uoUx09pFW6011inTMxqI8BA8PM95myrIyyKwdnzjdFjLiE6KBPVtJIg==",
			"requires": {
				"asn1": "~0.2.3",
				"assert-plus": "^1.0.0",
				"bcrypt-pbkdf": "^1.0.0",
				"dashdash": "^1.12.0",
				"ecc-jsbn": "~0.1.1",
				"getpass": "^0.1.1",
				"jsbn": "~0.1.0",
				"safer-buffer": "^2.0.2",
				"tweetnacl": "~0.14.0"
			}
		},
		"tweetnacl": {
			"version": "0.14.5",
			"resolved": "https://registry.npmjs.org/tweetnacl/-/tweetnacl-0.14.5.tgz",
			"integrity": "sha1-WuaBd/GS1EViadEIr6k/+HQ/T2Q="
		},
		"uuid": {
			"version": "3.3.3",
			"resolved": "https://registry.npmjs.org/uuid/-/uuid-3.3.3.tgz",
			"integrity": "sha512-pW0No1RGHgzlpHJO1nsVrHKpOEIxkGg1xB+v0ZmdNH5OAeAwzAVrCnI2/6Mtx+Uys6iaylxa+D3g4j63IKKjSQ=="
		},
		"verror": {
			"version": "1.10.0",
			"resolved": "https://registry.npmjs.org/verror/-/verror-1.10.0.tgz",
			"integrity": "sha1-OhBcoXBTr1XW4nDB+CiGguGNpAA=",
			"requires": {
				"assert-plus": "^1.0.0",
				"core-util-is": "1.0.2",
				"extsprintf": "^1.2.0"
			}
		},
		"whatwg-fetch": {
			"version": "3.6.2",
			"resolved": "https://registry.npmjs.org/whatwg-fetch/-/whatwg-fetch-3.6.2.tgz",
			"integrity": "sha512-bJlen0FcuU/0EMLrdbJ7zOnW6ITZLrZMIarMUVmdKtsGvZna8vxKYaexICWPfZ8qwf9fzNq+UEIZrnSaApt6RA=="
		}
	}
}
